
Microsoft Visual Studio Solution File, Format Version 12.00
# Visual Studio Version 17
VisualStudioVersion = 17.9.34728.123
MinimumVisualStudioVersion = 10.0.40219.1
Project("{8BC9CEB8-8B4A-11D0-8D11-00A0C91BC942}") = "MT3_3_0", "MT3_3_0.vcxproj", "{EB0D3EE1-C850-4101-A91D-52BAEA12AE93}"
EndProject
Global
	GlobalSection(SolutionConfigurationPlatforms) = preSolution
		Debug|x64 = Debug|x64
		Release|x64 = Release|x64
	EndGlobalSection
	GlobalSection(ProjectConfigurationPlatforms) = postSolution
		{EB0D3EE1-C850-4101-A91D-52BAEA12AE93}.Debug|x64.ActiveCfg = Debug|x64
		{EB0D3EE1-C850-4101-A91D-52BAEA12AE93}.Debug|x64.Build.0 = Debug|x64
		{EB0D3EE1-C850-4101-A91D-52BAEA12AE93}.Release|x64.ActiveCfg = Release|x64
		{EB0D3EE1-C850-4101-A91D-52BAEA12AE93}.Release|x64.Build.0 = Release|x64
	EndGlobalSection
	GlobalSection(SolutionProperties) = preSolution
		HideSolutionNode = FALSE
	EndGlobalSection
	GlobalSection(ExtensibilityGlobals) = postSolution
		SolutionGuid = {DA00EDD6-A532-467F-B877-A53B1C80683B}
	EndGlobalSection
EndGlobal
